
Microsoft Visual Studio Solution File, Format Version 12.00
# Visual Studio Version 17
VisualStudioVersion = 17.0.31903.59
MinimumVisualStudioVersion = 10.0.40219.1
Project("{FAE04EC0-301F-11D3-BF4B-00C04F79EFBC}") = "EmblazonedDruthers1x", "EmblazonedDruthers1x.csproj", "{A04A8DA3-F99D-4C06-9A77-7907052D3FE8}"
EndProject
Global
	GlobalSection(SolutionConfigurationPlatforms) = preSolution
		Debug|Any CPU = Debug|Any CPU
		Release|Any CPU = Release|Any CPU
	EndGlobalSection
	GlobalSection(ProjectConfigurationPlatforms) = postSolution
		{A04A8DA3-F99D-4C06-9A77-7907052D3FE8}.Debug|Any CPU.ActiveCfg = Debug|Any CPU
		{A04A8DA3-F99D-4C06-9A77-7907052D3FE8}.Debug|Any CPU.Build.0 = Debug|Any CPU
		{A04A8DA3-F99D-4C06-9A77-7907052D3FE8}.Release|Any CPU.ActiveCfg = Release|Any CPU
		{A04A8DA3-F99D-4C06-9A77-7907052D3FE8}.Release|Any CPU.Build.0 = Release|Any CPU
	EndGlobalSection
	GlobalSection(SolutionProperties) = preSolution
		HideSolutionNode = FALSE
	EndGlobalSection
	GlobalSection(ExtensibilityGlobals) = postSolution
		SolutionGuid = {89FA8028-6B9C-4185-97AC-0F625E1F6C12}
	EndGlobalSection
EndGlobal
